{
  "version": 4,
  "terraform_version": "1.14.9",
  "serial": 38,
  "lineage": "0bdd654b-619e-017d-3d57-e46312c398a8",
  "outputs": {
    "vm_ips": {
      "value": {
        "soc-node-0": "10.10.10.16",
        "soc-node-1": "10.10.10.17",
        "soc-node-2": "10.10.10.18"
      },
      "type": [
        "object",
        {
          "soc-node-0": "string",
          "soc-node-1": "string",
          "soc-node-2": "string"
        }
      ]
    }
  },
  "resources": [
    {
      "mode": "managed",
      "type": "proxmox_virtual_environment_vm",
      "name": "kali_attacker",
      "provider": "provider[\"registry.terraform.io/bpg/proxmox\"]",
      "instances": [
        {
          "index_key": 1,
          "schema_version": 0,
          "attributes": {
            "acpi": true,
            "agent": [
              {
                "enabled": true,
                "timeout": "15m",
                "trim": false,
                "type": "virtio"
              }
            ],
            "audio_device": [],
            "bios": "seabios",
            "boot_order": null,
            "cdrom": [],
            "clone": [
              {
                "datastore_id": "",
                "full": true,
                "node_name": "",
                "retries": 1,
                "vm_id": 102
              }
            ],
            "cpu": [],
            "description": null,
            "disk": [],
            "efi_disk": [],
            "hook_script_file_id": null,
            "hostpci": [],
            "id": "301",
            "initialization": [
              {
                "datastore_id": "local-lvm",
                "dns": [],
                "interface": "ide2",
                "ip_config": [
                  {
                    "ipv4": [
                      {
                        "address": "dhcp",
                        "gateway": ""
                      }
                    ],
                    "ipv6": []
                  }
                ],
                "meta_data_file_id": "",
                "network_data_file_id": "",
                "type": "",
                "upgrade": false,
                "user_account": [
                  {
                    "keys": [
                      "ssh-rsa AAAAB3NzaC1yc2EAAAADAQABAAACAQCs296EucWuTur6MAhGzNmF5DTCpgieKQUNzWN2AkahL3dygZFb0SJ47ABRvj/fDc95RQIut2RZqyCXwJcYl3FaiGvbJa7+UMKs3yjVbMZw2/ULINHjcnsKe6TRbR9EfwGRqGzVkibbu0m70MXKyInY3Gk/eqA6rQVKSM2c5tDRkIoTnDX/BI20lIW0DZizKHo+tWKkWnXkNjqiWdtLVq2nYulqrhLnUIgrIIsPSqlTeACBWfaabJb9Utd61dWEobcHg0y1Qg1iwHG+gq6usA4+uDm2PXo4a/KGqjbrDlITpYu48Vn1FbMNtnl6sxXPoF1n7yiSIASqXGHG6jfQiqD+/TeHY7f0pt+B62UHWO6h1WzAFkJxTRul65eQ4kYpB68EENi5e5bB6J4I1dj5yO1bGcOrCeWb3RYnO/mVYYZiy9sdRGbW4v56lnNTuf0EN4bPz5/4DcBpWSJ8oSi54SYufijier32V+Inm4xpFVfLXqe+DCtOkjA6EplPvR45DlfVeY4M08aI3HhFqgPSKI8Zi0YCeZdLYGEPxHsASw3o8mGsRyivB2XO0ghCyq4F2W7GzypI54nj0ZPtlbjRtbS6BMN0qQ4Iq/DiQQ5swtXEZcNDDSJg2/RQyBR+VIOrCzNje7xbBIAm6W9l0Np/BowX4dvPkrpzKC9zmyLCy9LpRw== tirth@LAPTOP-TG5OT8BV"
                    ],
                    "password": "",
                    "username": "kali"
                  }
                ],
                "user_data_file_id": "",
                "vendor_data_file_id": ""
              }
            ],
            "ipv4_addresses": [],
            "ipv6_addresses": [],
            "keyboard_layout": "en-us",
            "kvm_arguments": null,
            "mac_addresses": [
              "BC:24:11:A4:99:99"
            ],
            "machine": null,
            "memory": [],
            "migrate": false,
            "name": "kali-attacker-1",
            "network_device": [
              {
                "bridge": "vmbr1",
                "disconnected": false,
                "enabled": true,
                "firewall": false,
                "mac_address": "BC:24:11:A4:99:99",
                "model": "virtio",
                "mtu": 0,
                "queues": 0,
                "rate_limit": 0,
                "trunks": "",
                "vlan_id": 0
              }
            ],
            "network_interface_names": [],
            "node_name": "pve-goku",
            "numa": [],
            "on_boot": true,
            "operating_system": [],
            "pool_id": null,
            "protection": false,
            "reboot": false,
            "scsi_hardware": "virtio-scsi-pci",
            "serial_device": [],
            "smbios": [],
            "started": false,
            "startup": [],
            "stop_on_destroy": false,
            "tablet_device": true,
            "tags": null,
            "template": false,
            "timeout_clone": 1800,
            "timeout_create": 1800,
            "timeout_migrate": 1800,
            "timeout_move_disk": 1800,
            "timeout_reboot": 1800,
            "timeout_shutdown_vm": 1800,
            "timeout_start_vm": 1800,
            "timeout_stop_vm": 300,
            "tpm_state": [],
            "usb": [],
            "vga": [],
            "vm_id": 301,
            "watchdog": []
          },
          "sensitive_attributes": [
            [
              {
                "type": "get_attr",
                "value": "initialization"
              },
              {
                "type": "index",
                "value": {
                  "value": 0,
                  "type": "number"
                }
              },
              {
                "type": "get_attr",
                "value": "user_account"
              },
              {
                "type": "index",
                "value": {
                  "value": 0,
                  "type": "number"
                }
              },
              {
                "type": "get_attr",
                "value": "password"
              }
            ]
          ],
          "identity_schema_version": 0,
          "private": "bnVsbA=="
        },
        {
          "index_key": 2,
          "schema_version": 0,
          "attributes": {
            "acpi": true,
            "agent": [
              {
                "enabled": true,
                "timeout": "15m",
                "trim": false,
                "type": "virtio"
              }
            ],
            "audio_device": [],
            "bios": "seabios",
            "boot_order": null,
            "cdrom": [],
            "clone": [
              {
                "datastore_id": "",
                "full": true,
                "node_name": "",
                "retries": 1,
                "vm_id": 102
              }
            ],
            "cpu": [],
            "description": null,
            "disk": [],
            "efi_disk": [],
            "hook_script_file_id": null,
            "hostpci": [],
            "id": "302",
            "initialization": [
              {
                "datastore_id": "local-lvm",
                "dns": [],
                "interface": "ide2",
                "ip_config": [
                  {
                    "ipv4": [
                      {
                        "address": "dhcp",
                        "gateway": ""
                      }
                    ],
                    "ipv6": []
                  }
                ],
                "meta_data_file_id": "",
                "network_data_file_id": "",
                "type": "",
                "upgrade": false,
                "user_account": [
                  {
                    "keys": [
                      "ssh-rsa AAAAB3NzaC1yc2EAAAADAQABAAACAQCs296EucWuTur6MAhGzNmF5DTCpgieKQUNzWN2AkahL3dygZFb0SJ47ABRvj/fDc95RQIut2RZqyCXwJcYl3FaiGvbJa7+UMKs3yjVbMZw2/ULINHjcnsKe6TRbR9EfwGRqGzVkibbu0m70MXKyInY3Gk/eqA6rQVKSM2c5tDRkIoTnDX/BI20lIW0DZizKHo+tWKkWnXkNjqiWdtLVq2nYulqrhLnUIgrIIsPSqlTeACBWfaabJb9Utd61dWEobcHg0y1Qg1iwHG+gq6usA4+uDm2PXo4a/KGqjbrDlITpYu48Vn1FbMNtnl6sxXPoF1n7yiSIASqXGHG6jfQiqD+/TeHY7f0pt+B62UHWO6h1WzAFkJxTRul65eQ4kYpB68EENi5e5bB6J4I1dj5yO1bGcOrCeWb3RYnO/mVYYZiy9sdRGbW4v56lnNTuf0EN4bPz5/4DcBpWSJ8oSi54SYufijier32V+Inm4xpFVfLXqe+DCtOkjA6EplPvR45DlfVeY4M08aI3HhFqgPSKI8Zi0YCeZdLYGEPxHsASw3o8mGsRyivB2XO0ghCyq4F2W7GzypI54nj0ZPtlbjRtbS6BMN0qQ4Iq/DiQQ5swtXEZcNDDSJg2/RQyBR+VIOrCzNje7xbBIAm6W9l0Np/BowX4dvPkrpzKC9zmyLCy9LpRw== tirth@LAPTOP-TG5OT8BV"
                    ],
                    "password": "",
                    "username": "kali"
                  }
                ],
                "user_data_file_id": "",
                "vendor_data_file_id": ""
              }
            ],
            "ipv4_addresses": [
              [
                "127.0.0.1"
              ],
              [
                "10.10.10.20"
              ]
            ],
            "ipv6_addresses": [
              [
                "::1"
              ],
              [
                "fe80::5360:825b:d607:7aed"
              ]
            ],
            "keyboard_layout": "en-us",
            "kvm_arguments": null,
            "mac_addresses": [
              "00:00:00:00:00:00",
              "BC:24:11:F9:D1:3B"
            ],
            "machine": null,
            "memory": [],
            "migrate": false,
            "name": "kali-attacker-2",
            "network_device": [
              {
                "bridge": "vmbr1",
                "disconnected": false,
                "enabled": true,
                "firewall": false,
                "mac_address": "BC:24:11:F9:D1:3B",
                "model": "virtio",
                "mtu": 0,
                "queues": 0,
                "rate_limit": 0,
                "trunks": "",
                "vlan_id": 0
              }
            ],
            "network_interface_names": [
              "lo",
              "eth0"
            ],
            "node_name": "pve-goku",
            "numa": [],
            "on_boot": true,
            "operating_system": [],
            "pool_id": null,
            "protection": false,
            "reboot": false,
            "scsi_hardware": "virtio-scsi-pci",
            "serial_device": [],
            "smbios": [],
            "started": true,
            "startup": [],
            "stop_on_destroy": false,
            "tablet_device": true,
            "tags": null,
            "template": false,
            "timeout_clone": 1800,
            "timeout_create": 1800,
            "timeout_migrate": 1800,
            "timeout_move_disk": 1800,
            "timeout_reboot": 1800,
            "timeout_shutdown_vm": 1800,
            "timeout_start_vm": 1800,
            "timeout_stop_vm": 300,
            "tpm_state": [],
            "usb": [],
            "vga": [],
            "vm_id": 302,
            "watchdog": []
          },
          "sensitive_attributes": [
            [
              {
                "type": "get_attr",
                "value": "initialization"
              },
              {
                "type": "index",
                "value": {
                  "value": 0,
                  "type": "number"
                }
              },
              {
                "type": "get_attr",
                "value": "user_account"
              },
              {
                "type": "index",
                "value": {
                  "value": 0,
                  "type": "number"
                }
              },
              {
                "type": "get_attr",
                "value": "password"
              }
            ]
          ],
          "identity_schema_version": 0,
          "private": "bnVsbA=="
        }
      ]
    },
    {
      "mode": "managed",
      "type": "proxmox_virtual_environment_vm",
      "name": "lab_nodes",
      "provider": "provider[\"registry.terraform.io/bpg/proxmox\"]",
      "instances": [
        {
          "index_key": 0,
          "schema_version": 0,
          "attributes": {
            "acpi": true,
            "agent": [
              {
                "enabled": true,
                "timeout": "15m",
                "trim": false,
                "type": "virtio"
              }
            ],
            "audio_device": [],
            "bios": "seabios",
            "boot_order": null,
            "cdrom": [],
            "clone": [
              {
                "datastore_id": "",
                "full": true,
                "node_name": "",
                "retries": 1,
                "vm_id": 101
              }
            ],
            "cpu": [],
            "description": null,
            "disk": [],
            "efi_disk": [],
            "hook_script_file_id": null,
            "hostpci": [],
            "id": "200",
            "initialization": [
              {
                "datastore_id": "local-lvm",
                "dns": [],
                "interface": "ide2",
                "ip_config": [
                  {
                    "ipv4": [
                      {
                        "address": "dhcp",
                        "gateway": ""
                      }
                    ],
                    "ipv6": []
                  }
                ],
                "meta_data_file_id": "",
                "network_data_file_id": "",
                "type": "nocloud",
                "upgrade": false,
                "user_account": [
                  {
                    "keys": [
                      "ssh-rsa AAAAB3NzaC1yc2EAAAADAQABAAACAQCs296EucWuTur6MAhGzNmF5DTCpgieKQUNzWN2AkahL3dygZFb0SJ47ABRvj/fDc95RQIut2RZqyCXwJcYl3FaiGvbJa7+UMKs3yjVbMZw2/ULINHjcnsKe6TRbR9EfwGRqGzVkibbu0m70MXKyInY3Gk/eqA6rQVKSM2c5tDRkIoTnDX/BI20lIW0DZizKHo+tWKkWnXkNjqiWdtLVq2nYulqrhLnUIgrIIsPSqlTeACBWfaabJb9Utd61dWEobcHg0y1Qg1iwHG+gq6usA4+uDm2PXo4a/KGqjbrDlITpYu48Vn1FbMNtnl6sxXPoF1n7yiSIASqXGHG6jfQiqD+/TeHY7f0pt+B62UHWO6h1WzAFkJxTRul65eQ4kYpB68EENi5e5bB6J4I1dj5yO1bGcOrCeWb3RYnO/mVYYZiy9sdRGbW4v56lnNTuf0EN4bPz5/4DcBpWSJ8oSi54SYufijier32V+Inm4xpFVfLXqe+DCtOkjA6EplPvR45DlfVeY4M08aI3HhFqgPSKI8Zi0YCeZdLYGEPxHsASw3o8mGsRyivB2XO0ghCyq4F2W7GzypI54nj0ZPtlbjRtbS6BMN0qQ4Iq/DiQQ5swtXEZcNDDSJg2/RQyBR+VIOrCzNje7xbBIAm6W9l0Np/BowX4dvPkrpzKC9zmyLCy9LpRw== tirth@LAPTOP-TG5OT8BV"
                    ],
                    "password": "**********",
                    "username": "ubuntu"
                  }
                ],
                "user_data_file_id": "",
                "vendor_data_file_id": ""
              }
            ],
            "ipv4_addresses": [
              [
                "127.0.0.1"
              ],
              [
                "10.10.10.16"
              ]
            ],
            "ipv6_addresses": [
              [
                "::1"
              ],
              [
                "fe80::be24:11ff:fe41:b2d1"
              ]
            ],
            "keyboard_layout": "en-us",
            "kvm_arguments": null,
            "mac_addresses": [
              "00:00:00:00:00:00",
              "BC:24:11:41:B2:D1"
            ],
            "machine": null,
            "memory": [],
            "migrate": false,
            "name": "soc-node-0",
            "network_device": [
              {
                "bridge": "vmbr1",
                "disconnected": false,
                "enabled": true,
                "firewall": true,
                "mac_address": "BC:24:11:41:B2:D1",
                "model": "virtio",
                "mtu": 0,
                "queues": 0,
                "rate_limit": 0,
                "trunks": "",
                "vlan_id": 0
              }
            ],
            "network_interface_names": [
              "lo",
              "eth0"
            ],
            "node_name": "pve-goku",
            "numa": [],
            "on_boot": true,
            "operating_system": [],
            "pool_id": null,
            "protection": false,
            "reboot": false,
            "scsi_hardware": "virtio-scsi-pci",
            "serial_device": [],
            "smbios": [],
            "started": true,
            "startup": [],
            "stop_on_destroy": false,
            "tablet_device": true,
            "tags": null,
            "template": false,
            "timeout_clone": 1800,
            "timeout_create": 1800,
            "timeout_migrate": 1800,
            "timeout_move_disk": 1800,
            "timeout_reboot": 1800,
            "timeout_shutdown_vm": 1800,
            "timeout_start_vm": 1800,
            "timeout_stop_vm": 300,
            "tpm_state": [],
            "usb": [],
            "vga": [],
            "vm_id": 200,
            "watchdog": []
          },
          "sensitive_attributes": [
            [
              {
                "type": "get_attr",
                "value": "initialization"
              },
              {
                "type": "index",
                "value": {
                  "value": 0,
                  "type": "number"
                }
              },
              {
                "type": "get_attr",
                "value": "user_account"
              },
              {
                "type": "index",
                "value": {
                  "value": 0,
                  "type": "number"
                }
              },
              {
                "type": "get_attr",
                "value": "password"
              }
            ]
          ],
          "identity_schema_version": 0,
          "private": "bnVsbA=="
        },
        {
          "index_key": 1,
          "schema_version": 0,
          "attributes": {
            "acpi": true,
            "agent": [
              {
                "enabled": true,
                "timeout": "15m",
                "trim": false,
                "type": "virtio"
              }
            ],
            "audio_device": [],
            "bios": "seabios",
            "boot_order": null,
            "cdrom": [],
            "clone": [
              {
                "datastore_id": "",
                "full": true,
                "node_name": "",
                "retries": 1,
                "vm_id": 101
              }
            ],
            "cpu": [],
            "description": null,
            "disk": [],
            "efi_disk": [],
            "hook_script_file_id": null,
            "hostpci": [],
            "id": "201",
            "initialization": [
              {
                "datastore_id": "local-lvm",
                "dns": [],
                "interface": "ide2",
                "ip_config": [
                  {
                    "ipv4": [
                      {
                        "address": "dhcp",
                        "gateway": ""
                      }
                    ],
                    "ipv6": []
                  }
                ],
                "meta_data_file_id": "",
                "network_data_file_id": "",
                "type": "nocloud",
                "upgrade": false,
                "user_account": [
                  {
                    "keys": [
                      "ssh-rsa AAAAB3NzaC1yc2EAAAADAQABAAACAQCs296EucWuTur6MAhGzNmF5DTCpgieKQUNzWN2AkahL3dygZFb0SJ47ABRvj/fDc95RQIut2RZqyCXwJcYl3FaiGvbJa7+UMKs3yjVbMZw2/ULINHjcnsKe6TRbR9EfwGRqGzVkibbu0m70MXKyInY3Gk/eqA6rQVKSM2c5tDRkIoTnDX/BI20lIW0DZizKHo+tWKkWnXkNjqiWdtLVq2nYulqrhLnUIgrIIsPSqlTeACBWfaabJb9Utd61dWEobcHg0y1Qg1iwHG+gq6usA4+uDm2PXo4a/KGqjbrDlITpYu48Vn1FbMNtnl6sxXPoF1n7yiSIASqXGHG6jfQiqD+/TeHY7f0pt+B62UHWO6h1WzAFkJxTRul65eQ4kYpB68EENi5e5bB6J4I1dj5yO1bGcOrCeWb3RYnO/mVYYZiy9sdRGbW4v56lnNTuf0EN4bPz5/4DcBpWSJ8oSi54SYufijier32V+Inm4xpFVfLXqe+DCtOkjA6EplPvR45DlfVeY4M08aI3HhFqgPSKI8Zi0YCeZdLYGEPxHsASw3o8mGsRyivB2XO0ghCyq4F2W7GzypI54nj0ZPtlbjRtbS6BMN0qQ4Iq/DiQQ5swtXEZcNDDSJg2/RQyBR+VIOrCzNje7xbBIAm6W9l0Np/BowX4dvPkrpzKC9zmyLCy9LpRw== tirth@LAPTOP-TG5OT8BV"
                    ],
                    "password": "**********",
                    "username": "ubuntu"
                  }
                ],
                "user_data_file_id": "",
                "vendor_data_file_id": ""
              }
            ],
            "ipv4_addresses": [
              [
                "127.0.0.1"
              ],
              [
                "10.10.10.17"
              ]
            ],
            "ipv6_addresses": [
              [
                "::1"
              ],
              [
                "fe80::be24:11ff:fe01:8767"
              ]
            ],
            "keyboard_layout": "en-us",
            "kvm_arguments": null,
            "mac_addresses": [
              "00:00:00:00:00:00",
              "BC:24:11:01:87:67"
            ],
            "machine": null,
            "memory": [],
            "migrate": false,
            "name": "soc-node-1",
            "network_device": [
              {
                "bridge": "vmbr1",
                "disconnected": false,
                "enabled": true,
                "firewall": true,
                "mac_address": "BC:24:11:01:87:67",
                "model": "virtio",
                "mtu": 0,
                "queues": 0,
                "rate_limit": 0,
                "trunks": "",
                "vlan_id": 0
              }
            ],
            "network_interface_names": [
              "lo",
              "eth0"
            ],
            "node_name": "pve-goku",
            "numa": [],
            "on_boot": true,
            "operating_system": [],
            "pool_id": null,
            "protection": false,
            "reboot": false,
            "scsi_hardware": "virtio-scsi-pci",
            "serial_device": [],
            "smbios": [],
            "started": true,
            "startup": [],
            "stop_on_destroy": false,
            "tablet_device": true,
            "tags": null,
            "template": false,
            "timeout_clone": 1800,
            "timeout_create": 1800,
            "timeout_migrate": 1800,
            "timeout_move_disk": 1800,
            "timeout_reboot": 1800,
            "timeout_shutdown_vm": 1800,
            "timeout_start_vm": 1800,
            "timeout_stop_vm": 300,
            "tpm_state": [],
            "usb": [],
            "vga": [],
            "vm_id": 201,
            "watchdog": []
          },
          "sensitive_attributes": [
            [
              {
                "type": "get_attr",
                "value": "initialization"
              },
              {
                "type": "index",
                "value": {
                  "value": 0,
                  "type": "number"
                }
              },
              {
                "type": "get_attr",
                "value": "user_account"
              },
              {
                "type": "index",
                "value": {
                  "value": 0,
                  "type": "number"
                }
              },
              {
                "type": "get_attr",
                "value": "password"
              }
            ]
          ],
          "identity_schema_version": 0,
          "private": "bnVsbA=="
        },
        {
          "index_key": 2,
          "schema_version": 0,
          "attributes": {
            "acpi": true,
            "agent": [
              {
                "enabled": true,
                "timeout": "15m",
                "trim": false,
                "type": "virtio"
              }
            ],
            "audio_device": [],
            "bios": "seabios",
            "boot_order": null,
            "cdrom": [],
            "clone": [
              {
                "datastore_id": "",
                "full": true,
                "node_name": "",
                "retries": 1,
                "vm_id": 101
              }
            ],
            "cpu": [],
            "description": null,
            "disk": [],
            "efi_disk": [],
            "hook_script_file_id": null,
            "hostpci": [],
            "id": "202",
            "initialization": [
              {
                "datastore_id": "local-lvm",
                "dns": [],
                "interface": "ide2",
                "ip_config": [
                  {
                    "ipv4": [
                      {
                        "address": "dhcp",
                        "gateway": ""
                      }
                    ],
                    "ipv6": []
                  }
                ],
                "meta_data_file_id": "",
                "network_data_file_id": "",
                "type": "nocloud",
                "upgrade": false,
                "user_account": [
                  {
                    "keys": [
                      "ssh-rsa AAAAB3NzaC1yc2EAAAADAQABAAACAQCs296EucWuTur6MAhGzNmF5DTCpgieKQUNzWN2AkahL3dygZFb0SJ47ABRvj/fDc95RQIut2RZqyCXwJcYl3FaiGvbJa7+UMKs3yjVbMZw2/ULINHjcnsKe6TRbR9EfwGRqGzVkibbu0m70MXKyInY3Gk/eqA6rQVKSM2c5tDRkIoTnDX/BI20lIW0DZizKHo+tWKkWnXkNjqiWdtLVq2nYulqrhLnUIgrIIsPSqlTeACBWfaabJb9Utd61dWEobcHg0y1Qg1iwHG+gq6usA4+uDm2PXo4a/KGqjbrDlITpYu48Vn1FbMNtnl6sxXPoF1n7yiSIASqXGHG6jfQiqD+/TeHY7f0pt+B62UHWO6h1WzAFkJxTRul65eQ4kYpB68EENi5e5bB6J4I1dj5yO1bGcOrCeWb3RYnO/mVYYZiy9sdRGbW4v56lnNTuf0EN4bPz5/4DcBpWSJ8oSi54SYufijier32V+Inm4xpFVfLXqe+DCtOkjA6EplPvR45DlfVeY4M08aI3HhFqgPSKI8Zi0YCeZdLYGEPxHsASw3o8mGsRyivB2XO0ghCyq4F2W7GzypI54nj0ZPtlbjRtbS6BMN0qQ4Iq/DiQQ5swtXEZcNDDSJg2/RQyBR+VIOrCzNje7xbBIAm6W9l0Np/BowX4dvPkrpzKC9zmyLCy9LpRw== tirth@LAPTOP-TG5OT8BV"
                    ],
                    "password": "**********",
                    "username": "ubuntu"
                  }
                ],
                "user_data_file_id": "",
                "vendor_data_file_id": ""
              }
            ],
            "ipv4_addresses": [
              [
                "127.0.0.1"
              ],
              [
                "10.10.10.18"
              ]
            ],
            "ipv6_addresses": [
              [
                "::1"
              ],
              [
                "fe80::be24:11ff:fec1:a087"
              ]
            ],
            "keyboard_layout": "en-us",
            "kvm_arguments": null,
            "mac_addresses": [
              "00:00:00:00:00:00",
              "BC:24:11:C1:A0:87"
            ],
            "machine": null,
            "memory": [],
            "migrate": false,
            "name": "soc-node-2",
            "network_device": [
              {
                "bridge": "vmbr1",
                "disconnected": false,
                "enabled": true,
                "firewall": true,
                "mac_address": "BC:24:11:C1:A0:87",
                "model": "virtio",
                "mtu": 0,
                "queues": 0,
                "rate_limit": 0,
                "trunks": "",
                "vlan_id": 0
              }
            ],
            "network_interface_names": [
              "lo",
              "eth0"
            ],
            "node_name": "pve-goku",
            "numa": [],
            "on_boot": true,
            "operating_system": [],
            "pool_id": null,
            "protection": false,
            "reboot": false,
            "scsi_hardware": "virtio-scsi-pci",
            "serial_device": [],
            "smbios": [],
            "started": true,
            "startup": [],
            "stop_on_destroy": false,
            "tablet_device": true,
            "tags": null,
            "template": false,
            "timeout_clone": 1800,
            "timeout_create": 1800,
            "timeout_migrate": 1800,
            "timeout_move_disk": 1800,
            "timeout_reboot": 1800,
            "timeout_shutdown_vm": 1800,
            "timeout_start_vm": 1800,
            "timeout_stop_vm": 300,
            "tpm_state": [],
            "usb": [],
            "vga": [],
            "vm_id": 202,
            "watchdog": []
          },
          "sensitive_attributes": [
            [
              {
                "type": "get_attr",
                "value": "initialization"
              },
              {
                "type": "index",
                "value": {
                  "value": 0,
                  "type": "number"
                }
              },
              {
                "type": "get_attr",
                "value": "user_account"
              },
              {
                "type": "index",
                "value": {
                  "value": 0,
                  "type": "number"
                }
              },
              {
                "type": "get_attr",
                "value": "password"
              }
            ]
          ],
          "identity_schema_version": 0,
          "private": "bnVsbA=="
        }
      ]
    }
  ],
  "check_results": null
}
